
Microsoft Visual Studio Solution File, Format Version 12.00
# Visual Studio 2012
Project("{FAE04EC0-301F-11D3-BF4B-00C04F79EFBC}") = "Turbulent_Traveller", "StudyBlog\Turbulent_Traveller.csproj", "{25835803-8B04-4A58-8DDB-016E3B964C1E}"
EndProject
Global
	GlobalSection(SolutionConfigurationPlatforms) = preSolution
		Debug|Any CPU = Debug|Any CPU
		Release|Any CPU = Release|Any CPU
	EndGlobalSection
	GlobalSection(ProjectConfigurationPlatforms) = postSolution
		{25835803-8B04-4A58-8DDB-016E3B964C1E}.Debug|Any CPU.ActiveCfg = Debug|Any CPU
		{25835803-8B04-4A58-8DDB-016E3B964C1E}.Debug|Any CPU.Build.0 = Debug|Any CPU
		{25835803-8B04-4A58-8DDB-016E3B964C1E}.Release|Any CPU.ActiveCfg = Release|Any CPU
		{25835803-8B04-4A58-8DDB-016E3B964C1E}.Release|Any CPU.Build.0 = Release|Any CPU
	EndGlobalSection
	GlobalSection(SolutionProperties) = preSolution
		HideSolutionNode = FALSE
	EndGlobalSection
EndGlobal
